
Microsoft Visual Studio Solution File, Format Version 12.00
# Visual Studio 15
VisualStudioVersion = 15.0.26730.15
MinimumVisualStudioVersion = 10.0.40219.1
Project("{E24C65DC-7377-472B-9ABA-BC803B73C61A}") = "RS_messenger", "..\..\..\Desktop\RS_messenger\", "{9A7A914D-3489-469E-A7A5-D4C57AB5E514}"
	ProjectSection(WebsiteProperties) = preProject
		TargetFrameworkMoniker = ".NETFramework,Version%3Dv4.5"
		Debug.AspNetCompiler.VirtualPath = "/localhost_3435"
		Debug.AspNetCompiler.PhysicalPath = "..\..\..\Desktop\RS_messenger\"
		Debug.AspNetCompiler.TargetPath = "PrecompiledWeb\localhost_3435\"
		Debug.AspNetCompiler.Updateable = "true"
		Debug.AspNetCompiler.ForceOverwrite = "true"
		Debug.AspNetCompiler.FixedNames = "false"
		Debug.AspNetCompiler.Debug = "True"
		Release.AspNetCompiler.VirtualPath = "/localhost_3435"
		Release.AspNetCompiler.PhysicalPath = "..\..\..\Desktop\RS_messenger\"
		Release.AspNetCompiler.TargetPath = "PrecompiledWeb\localhost_3435\"
		Release.AspNetCompiler.Updateable = "true"
		Release.AspNetCompiler.ForceOverwrite = "true"
		Release.AspNetCompiler.FixedNames = "false"
		Release.AspNetCompiler.Debug = "False"
		VWDPort = "3435"
	EndProjectSection
EndProject
Global
	GlobalSection(SolutionConfigurationPlatforms) = preSolution
		Debug|Any CPU = Debug|Any CPU
	EndGlobalSection
	GlobalSection(ProjectConfigurationPlatforms) = postSolution
		{9A7A914D-3489-469E-A7A5-D4C57AB5E514}.Debug|Any CPU.ActiveCfg = Debug|Any CPU
		{9A7A914D-3489-469E-A7A5-D4C57AB5E514}.Debug|Any CPU.Build.0 = Debug|Any CPU
	EndGlobalSection
	GlobalSection(SolutionProperties) = preSolution
		HideSolutionNode = FALSE
	EndGlobalSection
	GlobalSection(ExtensibilityGlobals) = postSolution
		SolutionGuid = {56A67E1B-792C-4A85-9455-9C64BA82E0FD}
	EndGlobalSection
EndGlobal
